
Microsoft Visual Studio Solution File, Format Version 12.00
Project("{FAE04EC0-301F-11D3-BF4B-00C04F79EFBC}") = "Lya", "Lya\Lya.csproj", "{3B24D2E0-6E1A-4BF1-9C99-A466FD878526}"
EndProject
Project("{FAE04EC0-301F-11D3-BF4B-00C04F79EFBC}") = "LyaExamples", "LyaExamples\LyaExamples.csproj", "{0F3D0E1F-8460-4670-8233-F749F2C88799}"
EndProject
Global
	GlobalSection(SolutionConfigurationPlatforms) = preSolution
		Debug|Any CPU = Debug|Any CPU
		Release|Any CPU = Release|Any CPU
	EndGlobalSection
	GlobalSection(ProjectConfigurationPlatforms) = postSolution
		{3B24D2E0-6E1A-4BF1-9C99-A466FD878526}.Debug|Any CPU.ActiveCfg = Debug|Any CPU
		{3B24D2E0-6E1A-4BF1-9C99-A466FD878526}.Debug|Any CPU.Build.0 = Debug|Any CPU
		{3B24D2E0-6E1A-4BF1-9C99-A466FD878526}.Release|Any CPU.ActiveCfg = Release|Any CPU
		{3B24D2E0-6E1A-4BF1-9C99-A466FD878526}.Release|Any CPU.Build.0 = Release|Any CPU
		{0F3D0E1F-8460-4670-8233-F749F2C88799}.Debug|Any CPU.ActiveCfg = Debug|Any CPU
		{0F3D0E1F-8460-4670-8233-F749F2C88799}.Debug|Any CPU.Build.0 = Debug|Any CPU
		{0F3D0E1F-8460-4670-8233-F749F2C88799}.Release|Any CPU.ActiveCfg = Release|Any CPU
		{0F3D0E1F-8460-4670-8233-F749F2C88799}.Release|Any CPU.Build.0 = Release|Any CPU
	EndGlobalSection
EndGlobal
