
Microsoft Visual Studio Solution File, Format Version 12.00
Project("{FAE04EC0-301F-11D3-BF4B-00C04F79EFBC}") = "Lya", "Lya\Lya.csproj", "{3B24D2E0-6E1A-4BF1-9C99-A466FD878526}"
EndProject
Global
	GlobalSection(SolutionConfigurationPlatforms) = preSolution
		Debug|Any CPU = Debug|Any CPU
		Release|Any CPU = Release|Any CPU
	EndGlobalSection
	GlobalSection(ProjectConfigurationPlatforms) = postSolution
		{3B24D2E0-6E1A-4BF1-9C99-A466FD878526}.Debug|Any CPU.ActiveCfg = Debug|Any CPU
		{3B24D2E0-6E1A-4BF1-9C99-A466FD878526}.Debug|Any CPU.Build.0 = Debug|Any CPU
		{3B24D2E0-6E1A-4BF1-9C99-A466FD878526}.Release|Any CPU.ActiveCfg = Release|Any CPU
		{3B24D2E0-6E1A-4BF1-9C99-A466FD878526}.Release|Any CPU.Build.0 = Release|Any CPU
	EndGlobalSection
EndGlobal
